// !$*UTF8*$!
{
	archiveVersion = 1;
	classes = {
	};
	objectVersion = 56;
	objects = {

/* Begin PBXBuildFile section */
		F14FE7322C67260C009AE053 /* HotKey in Frameworks */ = {isa = PBXBuildFile; productRef = F14FE7312C67260C009AE053 /* HotKey */; };
		F1B8EE652C64DFD400EA1827 /* HistorianApp.swift in Sources */ = {isa = PBXBuildFile; fileRef = F1B8EE642C64DFD400EA1827 /* HistorianApp.swift */; };
		F1B8EE672C64DFD400EA1827 /* ContentView.swift in Sources */ = {isa = PBXBuildFile; fileRef = F1B8EE662C64DFD400EA1827 /* ContentView.swift */; };
		F1B8EE692C64DFD600EA1827 /* Assets.xcassets in Resources */ = {isa = PBXBuildFile; fileRef = F1B8EE682C64DFD600EA1827 /* Assets.xcassets */; };
		F1B8EE6C2C64DFD600EA1827 /* Preview Assets.xcassets in Resources */ = {isa = PBXBuildFile; fileRef = F1B8EE6B2C64DFD600EA1827 /* Preview Assets.xcassets */; };
		F1B8EE742C64E5D900EA1827 /* CopiedClassManager.swift in Sources */ = {isa = PBXBuildFile; fileRef = F1B8EE732C64E5D900EA1827 /* CopiedClassManager.swift */; };
		F1B8EE762C64E6FD00EA1827 /* PasteView.swift in Sources */ = {isa = PBXBuildFile; fileRef = F1B8EE752C64E6FD00EA1827 /* PasteView.swift */; };
/* End PBXBuildFile section */

/* Begin PBXFileReference section */
		F1B8EE612C64DFD400EA1827 /* Historian.app */ = {isa = PBXFileReference; explicitFileType = wrapper.application; includeInIndex = 0; path = Historian.app; sourceTree = BUILT_PRODUCTS_DIR; };
		F1B8EE642C64DFD400EA1827 /* HistorianApp.swift */ = {isa = PBXFileReference; lastKnownFileType = sourcecode.swift; path = HistorianApp.swift; sourceTree = "<group>"; };
		F1B8EE662C64DFD400EA1827 /* ContentView.swift */ = {isa = PBXFileReference; lastKnownFileType = sourcecode.swift; path = ContentView.swift; sourceTree = "<group>"; };
		F1B8EE682C64DFD600EA1827 /* Assets.xcassets */ = {isa = PBXFileReference; lastKnownFileType = folder.assetcatalog; path = Assets.xcassets; sourceTree = "<group>"; };
		F1B8EE6B2C64DFD600EA1827 /* Preview Assets.xcassets */ = {isa = PBXFileReference; lastKnownFileType = folder.assetcatalog; path = "Preview Assets.xcassets"; sourceTree = "<group>"; };
		F1B8EE6D2C64DFD600EA1827 /* Historian.entitlements */ = {isa = PBXFileReference; lastKnownFileType = text.plist.entitlements; path = Historian.entitlements; sourceTree = "<group>"; };
		F1B8EE732C64E5D900EA1827 /* CopiedClassManager.swift */ = {isa = PBXFileReference; lastKnownFileType = sourcecode.swift; path = CopiedClassManager.swift; sourceTree = "<group>"; };
		F1B8EE752C64E6FD00EA1827 /* PasteView.swift */ = {isa = PBXFileReference; lastKnownFileType = sourcecode.swift; path = PasteView.swift; sourceTree = "<group>"; };
		F1D822182C672A800032E29E /* README.md */ = {isa = PBXFileReference; lastKnownFileType = net.daringfireball.markdown; path = README.md; sourceTree = "<group>"; };
/* End PBXFileReference section */

/* Begin PBXFrameworksBuildPhase section */
		F1B8EE5E2C64DFD400EA1827 /* Frameworks */ = {
			isa = PBXFrameworksBuildPhase;
			buildActionMask = 2147483647;
			files = (
				F14FE7322C67260C009AE053 /* HotKey in Frameworks */,
			);
			runOnlyForDeploymentPostprocessing = 0;
		};
/* End PBXFrameworksBuildPhase section */

/* Begin PBXGroup section */
		F1B8EE582C64DFD400EA1827 = {
			isa = PBXGroup;
			children = (
				F1D822182C672A800032E29E /* README.md */,
				F1B8EE632C64DFD400EA1827 /* Historian */,
				F1B8EE622C64DFD400EA1827 /* Products */,
			);
			sourceTree = "<group>";
		};
		F1B8EE622C64DFD400EA1827 /* Products */ = {
			isa = PBXGroup;
			children = (
				F1B8EE612C64DFD400EA1827 /* Historian.app */,
			);
			name = Products;
			sourceTree = "<group>";
		};
		F1B8EE632C64DFD400EA1827 /* Historian */ = {
			isa = PBXGroup;
			children = (
				F1B8EE732C64E5D900EA1827 /* CopiedClassManager.swift */,
				F1B8EE642C64DFD400EA1827 /* HistorianApp.swift */,
				F1B8EE752C64E6FD00EA1827 /* PasteView.swift */,
				F1B8EE662C64DFD400EA1827 /* ContentView.swift */,
				F1B8EE682C64DFD600EA1827 /* Assets.xcassets */,
				F1B8EE6D2C64DFD600EA1827 /* Historian.entitlements */,
				F1B8EE6A2C64DFD600EA1827 /* Preview Content */,
			);
			path = Historian;
			sourceTree = "<group>";
		};
		F1B8EE6A2C64DFD600EA1827 /* Preview Content */ = {
			isa = PBXGroup;
			children = (
				F1B8EE6B2C64DFD600EA1827 /* Preview Assets.xcassets */,
			);
			path = "Preview Content";
			sourceTree = "<group>";
		};
/* End PBXGroup section */

/* Begin PBXNativeTarget section */
		F1B8EE602C64DFD400EA1827 /* Historian */ = {
			isa = PBXNativeTarget;
			buildConfigurationList = F1B8EE702C64DFD600EA1827 /* Build configuration list for PBXNativeTarget "Historian" */;
			buildPhases = (
				F1B8EE5D2C64DFD400EA1827 /* Sources */,
				F1B8EE5E2C64DFD400EA1827 /* Frameworks */,
				F1B8EE5F2C64DFD400EA1827 /* Resources */,
			);
			buildRules = (
			);
			dependencies = (
			);
			name = Historian;
			packageProductDependencies = (
				F14FE7312C67260C009AE053 /* HotKey */,
			);
			productName = Historian;
			productReference = F1B8EE612C64DFD400EA1827 /* Historian.app */;
			productType = "com.apple.product-type.application";
		};
/* End PBXNativeTarget section */

/* Begin PBXProject section */
		F1B8EE592C64DFD400EA1827 /* Project object */ = {
			isa = PBXProject;
			attributes = {
				BuildIndependentTargetsInParallel = 1;
				LastSwiftUpdateCheck = 1540;
				LastUpgradeCheck = 1540;
				TargetAttributes = {
					F1B8EE602C64DFD400EA1827 = {
						CreatedOnToolsVersion = 15.4;
					};
				};
			};
			buildConfigurationList = F1B8EE5C2C64DFD400EA1827 /* Build configuration list for PBXProject "Historian" */;
			compatibilityVersion = "Xcode 14.0";
			developmentRegion = en;
			hasScannedForEncodings = 0;
			knownRegions = (
				en,
				Base,
			);
			mainGroup = F1B8EE582C64DFD400EA1827;
			packageReferences = (
				F14FE7302C67260C009AE053 /* XCRemoteSwiftPackageReference "HotKey" */,
			);
			productRefGroup = F1B8EE622C64DFD400EA1827 /* Products */;
			projectDirPath = "";
			projectRoot = "";
			targets = (
				F1B8EE602C64DFD400EA1827 /* Historian */,
			);
		};
/* End PBXProject section */

/* Begin PBXResourcesBuildPhase section */
		F1B8EE5F2C64DFD400EA1827 /* Resources */ = {
			isa = PBXResourcesBuildPhase;
			buildActionMask = 2147483647;
			files = (
				F1B8EE6C2C64DFD600EA1827 /* Preview Assets.xcassets in Resources */,
				F1B8EE692C64DFD600EA1827 /* Assets.xcassets in Resources */,
			);
			runOnlyForDeploymentPostprocessing = 0;
		};
/* End PBXResourcesBuildPhase section */

/* Begin PBXSourcesBuildPhase section */
		F1B8EE5D2C64DFD400EA1827 /* Sources */ = {
			isa = PBXSourcesBuildPhase;
			buildActionMask = 2147483647;
			files = (
				F1B8EE672C64DFD400EA1827 /* ContentView.swift in Sources */,
				F1B8EE652C64DFD400EA1827 /* HistorianApp.swift in Sources */,
				F1B8EE762C64E6FD00EA1827 /* PasteView.swift in Sources */,
				F1B8EE742C64E5D900EA1827 /* CopiedClassManager.swift in Sources */,
			);
			runOnlyForDeploymentPostprocessing = 0;
		};
/* End PBXSourcesBuildPhase section */

/* Begin XCBuildConfiguration section */
		F1B8EE6E2C64DFD600EA1827 /* Debug */ = {
			isa = XCBuildConfiguration;
			buildSettings = {
				ALWAYS_SEARCH_USER_PATHS = NO;
				ASSETCATALOG_COMPILER_GENERATE_SWIFT_ASSET_SYMBOL_EXTENSIONS = YES;
				CLANG_ANALYZER_NONNULL = YES;
				CLANG_ANALYZER_NUMBER_OBJECT_CONVERSION = YES_AGGRESSIVE;
				CLANG_CXX_LANGUAGE_STANDARD = "gnu++20";
				CLANG_ENABLE_MODULES = YES;
				CLANG_ENABLE_OBJC_ARC = YES;
				CLANG_ENABLE_OBJC_WEAK = YES;
				CLANG_WARN_BLOCK_CAPTURE_AUTORELEASING = YES;
				CLANG_WARN_BOOL_CONVERSION = YES;
				CLANG_WARN_COMMA = YES;
				CLANG_WARN_CONSTANT_CONVERSION = YES;
				CLANG_WARN_DEPRECATED_OBJC_IMPLEMENTATIONS = YES;
				CLANG_WARN_DIRECT_OBJC_ISA_USAGE = YES_ERROR;
				CLANG_WARN_DOCUMENTATION_COMMENTS = YES;
				CLANG_WARN_EMPTY_BODY = YES;
				CLANG_WARN_ENUM_CONVERSION = YES;
				CLANG_WARN_INFINITE_RECURSION = YES;
				CLANG_WARN_INT_CONVERSION = YES;
				CLANG_WARN_NON_LITERAL_NULL_CONVERSION = YES;
				CLANG_WARN_OBJC_IMPLICIT_RETAIN_SELF = YES;
				CLANG_WARN_OBJC_LITERAL_CONVERSION = YES;
				CLANG_WARN_OBJC_ROOT_CLASS = YES_ERROR;
				CLANG_WARN_QUOTED_INCLUDE_IN_FRAMEWORK_HEADER = YES;
				CLANG_WARN_RANGE_LOOP_ANALYSIS = YES;
				CLANG_WARN_STRICT_PROTOTYPES = YES;
				CLANG_WARN_SUSPICIOUS_MOVE = YES;
				CLANG_WARN_UNGUARDED_AVAILABILITY = YES_AGGRESSIVE;
				CLANG_WARN_UNREACHABLE_CODE = YES;
				CLANG_WARN__DUPLICATE_METHOD_MATCH = YES;
				COPY_PHASE_STRIP = NO;
				DEBUG_INFORMATION_FORMAT = dwarf;
				ENABLE_STRICT_OBJC_MSGSEND = YES;
				ENABLE_TESTABILITY = YES;
				ENABLE_USER_SCRIPT_SANDBOXING = YES;
				GCC_C_LANGUAGE_STANDARD = gnu17;
				GCC_DYNAMIC_NO_PIC = NO;
				GCC_NO_COMMON_BLOCKS = YES;
				GCC_OPTIMIZATION_LEVEL = 0;
				GCC_PREPROCESSOR_DEFINITIONS = (
					"DEBUG=1",
					"$(inherited)",
				);
				GCC_WARN_64_TO_32_BIT_CONVERSION = YES;
				GCC_WARN_ABOUT_RETURN_TYPE = YES_ERROR;
				GCC_WARN_UNDECLARED_SELECTOR = YES;
				GCC_WARN_UNINITIALIZED_AUTOS = YES_AGGRESSIVE;
				GCC_WARN_UNUSED_FUNCTION = YES;
				GCC_WARN_UNUSED_VARIABLE = YES;
				LOCALIZATION_PREFERS_STRING_CATALOGS = YES;
				MACOSX_DEPLOYMENT_TARGET = 14.5;
				MTL_ENABLE_DEBUG_INFO = INCLUDE_SOURCE;
				MTL_FAST_MATH = YES;
				ONLY_ACTIVE_ARCH = YES;
				SDKROOT = macosx;
				SWIFT_ACTIVE_COMPILATION_CONDITIONS = "DEBUG $(inherited)";
				SWIFT_OPTIMIZATION_LEVEL = "-Onone";
			};
			name = Debug;
		};
		F1B8EE6F2C64DFD600EA1827 /* Release */ = {
			isa = XCBuildConfiguration;
			buildSettings = {
				ALWAYS_SEARCH_USER_PATHS = NO;
				ASSETCATALOG_COMPILER_GENERATE_SWIFT_ASSET_SYMBOL_EXTENSIONS = YES;
				CLANG_ANALYZER_NONNULL = YES;
				CLANG_ANALYZER_NUMBER_OBJECT_CONVERSION = YES_AGGRESSIVE;
				CLANG_CXX_LANGUAGE_STANDARD = "gnu++20";
				CLANG_ENABLE_MODULES = YES;
				CLANG_ENABLE_OBJC_ARC = YES;
				CLANG_ENABLE_OBJC_WEAK = YES;
				CLANG_WARN_BLOCK_CAPTURE_AUTORELEASING = YES;
				CLANG_WARN_BOOL_CONVERSION = YES;
				CLANG_WARN_COMMA = YES;
				CLANG_WARN_CONSTANT_CONVERSION = YES;
				CLANG_WARN_DEPRECATED_OBJC_IMPLEMENTATIONS = YES;
				CLANG_WARN_DIRECT_OBJC_ISA_USAGE = YES_ERROR;
				CLANG_WARN_DOCUMENTATION_COMMENTS = YES;
				CLANG_WARN_EMPTY_BODY = YES;
				CLANG_WARN_ENUM_CONVERSION = YES;
				CLANG_WARN_INFINITE_RECURSION = YES;
				CLANG_WARN_INT_CONVERSION = YES;
				CLANG_WARN_NON_LITERAL_NULL_CONVERSION = YES;
				CLANG_WARN_OBJC_IMPLICIT_RETAIN_SELF = YES;
				CLANG_WARN_OBJC_LITERAL_CONVERSION = YES;
				CLANG_WARN_OBJC_ROOT_CLASS = YES_ERROR;
				CLANG_WARN_QUOTED_INCLUDE_IN_FRAMEWORK_HEADER = YES;
				CLANG_WARN_RANGE_LOOP_ANALYSIS = YES;
				CLANG_WARN_STRICT_PROTOTYPES = YES;
				CLANG_WARN_SUSPICIOUS_MOVE = YES;
				CLANG_WARN_UNGUARDED_AVAILABILITY = YES_AGGRESSIVE;
				CLANG_WARN_UNREACHABLE_CODE = YES;
				CLANG_WARN__DUPLICATE_METHOD_MATCH = YES;
				COPY_PHASE_STRIP = NO;
				DEBUG_INFORMATION_FORMAT = "dwarf-with-dsym";
				ENABLE_NS_ASSERTIONS = NO;
				ENABLE_STRICT_OBJC_MSGSEND = YES;
				ENABLE_USER_SCRIPT_SANDBOXING = YES;
				GCC_C_LANGUAGE_STANDARD = gnu17;
				GCC_NO_COMMON_BLOCKS = YES;
				GCC_WARN_64_TO_32_BIT_CONVERSION = YES;
				GCC_WARN_ABOUT_RETURN_TYPE = YES_ERROR;
				GCC_WARN_UNDECLARED_SELECTOR = YES;
				GCC_WARN_UNINITIALIZED_AUTOS = YES_AGGRESSIVE;
				GCC_WARN_UNUSED_FUNCTION = YES;
				GCC_WARN_UNUSED_VARIABLE = YES;
				LOCALIZATION_PREFERS_STRING_CATALOGS = YES;
				MACOSX_DEPLOYMENT_TARGET = 14.5;
				MTL_ENABLE_DEBUG_INFO = NO;
				MTL_FAST_MATH = YES;
				SDKROOT = macosx;
				SWIFT_COMPILATION_MODE = wholemodule;
			};
			name = Release;
		};
		F1B8EE712C64DFD600EA1827 /* Debug */ = {
			isa = XCBuildConfiguration;
			buildSettings = {
				ASSETCATALOG_COMPILER_APPICON_NAME = AppIcon;
				ASSETCATALOG_COMPILER_GLOBAL_ACCENT_COLOR_NAME = AccentColor;
				CODE_SIGN_ENTITLEMENTS = Historian/Historian.entitlements;
				CODE_SIGN_STYLE = Automatic;
				COMBINE_HIDPI_IMAGES = YES;
				CURRENT_PROJECT_VERSION = 1;
				DEVELOPMENT_ASSET_PATHS = "\"Historian/Preview Content\"";
				DEVELOPMENT_TEAM = VYG284C3Z9;
				ENABLE_HARDENED_RUNTIME = YES;
				ENABLE_PREVIEWS = YES;
				GENERATE_INFOPLIST_FILE = YES;
				INFOPLIST_KEY_LSUIElement = YES;
				INFOPLIST_KEY_NSHumanReadableCopyright = "";
				LD_RUNPATH_SEARCH_PATHS = (
					"$(inherited)",
					"@executable_path/../Frameworks",
				);
				MARKETING_VERSION = 1.0;
				PRODUCT_BUNDLE_IDENTIFIER = com.contyapps.personal.Historian;
				PRODUCT_NAME = "$(TARGET_NAME)";
				SWIFT_EMIT_LOC_STRINGS = YES;
				SWIFT_VERSION = 5.0;
			};
			name = Debug;
		};
		F1B8EE722C64DFD600EA1827 /* Release */ = {
			isa = XCBuildConfiguration;
			buildSettings = {
				ASSETCATALOG_COMPILER_APPICON_NAME = AppIcon;
				ASSETCATALOG_COMPILER_GLOBAL_ACCENT_COLOR_NAME = AccentColor;
				CODE_SIGN_ENTITLEMENTS = Historian/Historian.entitlements;
				CODE_SIGN_STYLE = Automatic;
				COMBINE_HIDPI_IMAGES = YES;
				CURRENT_PROJECT_VERSION = 1;
				DEVELOPMENT_ASSET_PATHS = "\"Historian/Preview Content\"";
				DEVELOPMENT_TEAM = VYG284C3Z9;
				ENABLE_HARDENED_RUNTIME = YES;
				ENABLE_PREVIEWS = YES;
				GENERATE_INFOPLIST_FILE = YES;
				INFOPLIST_KEY_LSUIElement = YES;
				INFOPLIST_KEY_NSHumanReadableCopyright = "";
				LD_RUNPATH_SEARCH_PATHS = (
					"$(inherited)",
					"@executable_path/../Frameworks",
				);
				MARKETING_VERSION = 1.0;
				PRODUCT_BUNDLE_IDENTIFIER = com.contyapps.personal.Historian;
				PRODUCT_NAME = "$(TARGET_NAME)";
				SWIFT_EMIT_LOC_STRINGS = YES;
				SWIFT_VERSION = 5.0;
			};
			name = Release;
		};
/* End XCBuildConfiguration section */

/* Begin XCConfigurationList section */
		F1B8EE5C2C64DFD400EA1827 /* Build configuration list for PBXProject "Historian" */ = {
			isa = XCConfigurationList;
			buildConfigurations = (
				F1B8EE6E2C64DFD600EA1827 /* Debug */,
				F1B8EE6F2C64DFD600EA1827 /* Release */,
			);
			defaultConfigurationIsVisible = 0;
			defaultConfigurationName = Release;
		};
		F1B8EE702C64DFD600EA1827 /* Build configuration list for PBXNativeTarget "Historian" */ = {
			isa = XCConfigurationList;
			buildConfigurations = (
				F1B8EE712C64DFD600EA1827 /* Debug */,
				F1B8EE722C64DFD600EA1827 /* Release */,
			);
			defaultConfigurationIsVisible = 0;
			defaultConfigurationName = Release;
		};
/* End XCConfigurationList section */

/* Begin XCRemoteSwiftPackageReference section */
		F14FE7302C67260C009AE053 /* XCRemoteSwiftPackageReference "HotKey" */ = {
			isa = XCRemoteSwiftPackageReference;
			repositoryURL = "https://github.com/soffes/HotKey";
			requirement = {
				branch = main;
				kind = branch;
			};
		};
/* End XCRemoteSwiftPackageReference section */

/* Begin XCSwiftPackageProductDependency section */
		F14FE7312C67260C009AE053 /* HotKey */ = {
			isa = XCSwiftPackageProductDependency;
			package = F14FE7302C67260C009AE053 /* XCRemoteSwiftPackageReference "HotKey" */;
			productName = HotKey;
		};
/* End XCSwiftPackageProductDependency section */
	};
	rootObject = F1B8EE592C64DFD400EA1827 /* Project object */;
}
